
Microsoft Visual Studio Solution File, Format Version 12.00
# Visual Studio Version 17
VisualStudioVersion = 17.13.35806.99 d17.13
MinimumVisualStudioVersion = 10.0.40219.1
Project("{FAE04EC0-301F-11D3-BF4B-00C04F79EFBC}") = "SalesWebMVC", "SalesWebMVC\SalesWebMVC.csproj", "{77ADDA1C-9841-4D10-9C6F-B681E6CFA3FB}"
EndProject
Global
	GlobalSection(SolutionConfigurationPlatforms) = preSolution
		Debug|Any CPU = Debug|Any CPU
		Release|Any CPU = Release|Any CPU
	EndGlobalSection
	GlobalSection(ProjectConfigurationPlatforms) = postSolution
		{77ADDA1C-9841-4D10-9C6F-B681E6CFA3FB}.Debug|Any CPU.ActiveCfg = Debug|Any CPU
		{77ADDA1C-9841-4D10-9C6F-B681E6CFA3FB}.Debug|Any CPU.Build.0 = Debug|Any CPU
		{77ADDA1C-9841-4D10-9C6F-B681E6CFA3FB}.Release|Any CPU.ActiveCfg = Release|Any CPU
		{77ADDA1C-9841-4D10-9C6F-B681E6CFA3FB}.Release|Any CPU.Build.0 = Release|Any CPU
	EndGlobalSection
	GlobalSection(SolutionProperties) = preSolution
		HideSolutionNode = FALSE
	EndGlobalSection
	GlobalSection(ExtensibilityGlobals) = postSolution
		SolutionGuid = {EBCFADDB-648C-40DC-9C62-71268D49119D}
	EndGlobalSection
EndGlobal
